
Microsoft Visual Studio Solution File, Format Version 12.00
# Visual Studio 15
VisualStudioVersion = 15.0.27703.2042
MinimumVisualStudioVersion = 10.0.40219.1
Project("{FAE04EC0-301F-11D3-BF4B-00C04F79EFBC}") = "AnimalFarm.Domain", "AnimalFarm.Domain\AnimalFarm.Domain.csproj", "{72BAD431-3FF5-40B2-807D-9FA353A38D80}"
EndProject
Project("{FAE04EC0-301F-11D3-BF4B-00C04F79EFBC}") = "AnimalFarm.UI.V1", "AnimalFarm.UI.V1\AnimalFarm.UI.V1.csproj", "{83E39D15-E047-4946-AED5-A38949709A2E}"
EndProject
Project("{FAE04EC0-301F-11D3-BF4B-00C04F79EFBC}") = "AnimalFarm.UI.V2", "AnimalFarm.UI.V2\AnimalFarm.UI.V2.csproj", "{29DD663E-E9A2-4A53-9A8B-0694B1D96C20}"
EndProject
Global
	GlobalSection(SolutionConfigurationPlatforms) = preSolution
		Debug|Any CPU = Debug|Any CPU
		Release|Any CPU = Release|Any CPU
	EndGlobalSection
	GlobalSection(ProjectConfigurationPlatforms) = postSolution
		{72BAD431-3FF5-40B2-807D-9FA353A38D80}.Debug|Any CPU.ActiveCfg = Debug|Any CPU
		{72BAD431-3FF5-40B2-807D-9FA353A38D80}.Debug|Any CPU.Build.0 = Debug|Any CPU
		{72BAD431-3FF5-40B2-807D-9FA353A38D80}.Release|Any CPU.ActiveCfg = Release|Any CPU
		{72BAD431-3FF5-40B2-807D-9FA353A38D80}.Release|Any CPU.Build.0 = Release|Any CPU
		{83E39D15-E047-4946-AED5-A38949709A2E}.Debug|Any CPU.ActiveCfg = Debug|Any CPU
		{83E39D15-E047-4946-AED5-A38949709A2E}.Debug|Any CPU.Build.0 = Debug|Any CPU
		{83E39D15-E047-4946-AED5-A38949709A2E}.Release|Any CPU.ActiveCfg = Release|Any CPU
		{83E39D15-E047-4946-AED5-A38949709A2E}.Release|Any CPU.Build.0 = Release|Any CPU
		{29DD663E-E9A2-4A53-9A8B-0694B1D96C20}.Debug|Any CPU.ActiveCfg = Debug|Any CPU
		{29DD663E-E9A2-4A53-9A8B-0694B1D96C20}.Debug|Any CPU.Build.0 = Debug|Any CPU
		{29DD663E-E9A2-4A53-9A8B-0694B1D96C20}.Release|Any CPU.ActiveCfg = Release|Any CPU
		{29DD663E-E9A2-4A53-9A8B-0694B1D96C20}.Release|Any CPU.Build.0 = Release|Any CPU
	EndGlobalSection
	GlobalSection(SolutionProperties) = preSolution
		HideSolutionNode = FALSE
	EndGlobalSection
	GlobalSection(ExtensibilityGlobals) = postSolution
		SolutionGuid = {E6D94C06-A1A9-4089-9D0C-57E59B74FB76}
	EndGlobalSection
EndGlobal
